
Microsoft Visual Studio Solution File, Format Version 12.00
# Visual Studio Version 17
VisualStudioVersion = 17.8.34525.116
MinimumVisualStudioVersion = 10.0.40219.1
Project("{FAE04EC0-301F-11D3-BF4B-00C04F79EFBC}") = "portfolio", "portfolio.csproj", "{B8682A96-F8BF-4436-994B-CD83518AC8EF}"
EndProject
Global
	GlobalSection(SolutionConfigurationPlatforms) = preSolution
		Debug|Any CPU = Debug|Any CPU
		Release|Any CPU = Release|Any CPU
	EndGlobalSection
	GlobalSection(ProjectConfigurationPlatforms) = postSolution
		{B8682A96-F8BF-4436-994B-CD83518AC8EF}.Debug|Any CPU.ActiveCfg = Debug|Any CPU
		{B8682A96-F8BF-4436-994B-CD83518AC8EF}.Debug|Any CPU.Build.0 = Debug|Any CPU
		{B8682A96-F8BF-4436-994B-CD83518AC8EF}.Release|Any CPU.ActiveCfg = Release|Any CPU
		{B8682A96-F8BF-4436-994B-CD83518AC8EF}.Release|Any CPU.Build.0 = Release|Any CPU
	EndGlobalSection
	GlobalSection(SolutionProperties) = preSolution
		HideSolutionNode = FALSE
	EndGlobalSection
	GlobalSection(ExtensibilityGlobals) = postSolution
		SolutionGuid = {C5CBF997-993C-41B5-89B7-2D08E0C10738}
	EndGlobalSection
EndGlobal
